
Microsoft Visual Studio Solution File, Format Version 10.00
# Visual Studio 2008
Project("{8BC9CEB8-8B4A-11D0-8D11-00A0C91BC942}") = "echo", "echo\echo.vcproj", "{082A5301-8581-4314-B42E-D0339F63AF84}"
EndProject
Global
	GlobalSection(SolutionConfigurationPlatforms) = preSolution
		Debug|Win32 = Debug|Win32
		Release|Win32 = Release|Win32
	EndGlobalSection
	GlobalSection(ProjectConfigurationPlatforms) = postSolution
		{082A5301-8581-4314-B42E-D0339F63AF84}.Debug|Win32.ActiveCfg = Debug|Win32
		{082A5301-8581-4314-B42E-D0339F63AF84}.Debug|Win32.Build.0 = Debug|Win32
		{082A5301-8581-4314-B42E-D0339F63AF84}.Release|Win32.ActiveCfg = Release|Win32
		{082A5301-8581-4314-B42E-D0339F63AF84}.Release|Win32.Build.0 = Release|Win32
	EndGlobalSection
	GlobalSection(SolutionProperties) = preSolution
		HideSolutionNode = FALSE
	EndGlobalSection
EndGlobal
